// !$*UTF8*$!
{
	archiveVersion = 1;
	classes = {
	};
	objectVersion = 55;
	objects = {

/* Begin PBXBuildFile section */
		0E0971F428CA0C5A007870EF /* PhotoPickerRepresentable.swift in Sources */ = {isa = PBXBuildFile; fileRef = 0E0971F328CA0C5A007870EF /* PhotoPickerRepresentable.swift */; };
		0E27A8D328B9C6C6007F91D8 /* RentalHouse_ProjectApp.swift in Sources */ = {isa = PBXBuildFile; fileRef = 0E27A8D228B9C6C6007F91D8 /* RentalHouse_ProjectApp.swift */; };
		0E27A8D528B9C6C6007F91D8 /* ContentView.swift in Sources */ = {isa = PBXBuildFile; fileRef = 0E27A8D428B9C6C6007F91D8 /* ContentView.swift */; };
		0E27A8D728B9C6C7007F91D8 /* Assets.xcassets in Resources */ = {isa = PBXBuildFile; fileRef = 0E27A8D628B9C6C7007F91D8 /* Assets.xcassets */; };
		0E27A8DA28B9C6C7007F91D8 /* Preview Assets.xcassets in Resources */ = {isa = PBXBuildFile; fileRef = 0E27A8D928B9C6C7007F91D8 /* Preview Assets.xcassets */; };
		0E27A8E128B9C71F007F91D8 /* LoginView.swift in Sources */ = {isa = PBXBuildFile; fileRef = 0E27A8E028B9C71F007F91D8 /* LoginView.swift */; };
		0E27A8EB28B9E043007F91D8 /* UserAuthenticationVM.swift in Sources */ = {isa = PBXBuildFile; fileRef = 0E27A8EA28B9E043007F91D8 /* UserAuthenticationVM.swift */; };
		0E337CBB28FB020F00F4697E /* CustomMenuView.swift in Sources */ = {isa = PBXBuildFile; fileRef = 0E337CBA28FB020F00F4697E /* CustomMenuView.swift */; };
		0E4AEE5728BB3452000EAD84 /* ViewModifier.swift in Sources */ = {isa = PBXBuildFile; fileRef = 0E4AEE5628BB3452000EAD84 /* ViewModifier.swift */; };
		0E4AEE5928BB364E000EAD84 /* SignUpView.swift in Sources */ = {isa = PBXBuildFile; fileRef = 0E4AEE5828BB364E000EAD84 /* SignUpView.swift */; };
		0E51B78E28BDE89B003AB3ED /* CustomComponent.swift in Sources */ = {isa = PBXBuildFile; fileRef = 0E51B78D28BDE89B003AB3ED /* CustomComponent.swift */; };
		0E51B79428BDF74A003AB3ED /* UserDashboard.swift in Sources */ = {isa = PBXBuildFile; fileRef = 0E51B79328BDF74A003AB3ED /* UserDashboard.swift */; };
		0E51B79728BE0898003AB3ED /* MenuView.swift in Sources */ = {isa = PBXBuildFile; fileRef = 0E51B79628BE0898003AB3ED /* MenuView.swift */; };
		0E56122428BE16B700745AFA /* HousePostView.swift in Sources */ = {isa = PBXBuildFile; fileRef = 0E56122328BE16B700745AFA /* HousePostView.swift */; };
		0E56122628BE201F00745AFA /* RoomPostDM.swift in Sources */ = {isa = PBXBuildFile; fileRef = 0E56122528BE201F00745AFA /* RoomPostDM.swift */; };
		0E56BD4228E9C4FB00CB4463 /* CoverView.swift in Sources */ = {isa = PBXBuildFile; fileRef = 0E56BD4128E9C4FB00CB4463 /* CoverView.swift */; };
		0E5E24D128B9FAA600629B1D /* AppViewModel.swift in Sources */ = {isa = PBXBuildFile; fileRef = 0E5E24D028B9FAA600629B1D /* AppViewModel.swift */; };
		0E5E24D428BA01E000629B1D /* Extensions.swift in Sources */ = {isa = PBXBuildFile; fileRef = 0E5E24D328BA01E000629B1D /* Extensions.swift */; };
		0E6C54E628C3363D00385B1F /* FirebaseFirestore in Frameworks */ = {isa = PBXBuildFile; productRef = 0E6C54E528C3363D00385B1F /* FirebaseFirestore */; };
		0E6C54E828C3367D00385B1F /* FirebaseFirestoreSwift in Frameworks */ = {isa = PBXBuildFile; productRef = 0E6C54E728C3367D00385B1F /* FirebaseFirestoreSwift */; };
		0E7D37C628D6F3E300E702EC /* RoomDetailView.swift in Sources */ = {isa = PBXBuildFile; fileRef = 0E7D37C528D6F3E300E702EC /* RoomDetailView.swift */; };
		0E9A740C28FC3003002D0CEF /* RoomUpdateSheetView.swift in Sources */ = {isa = PBXBuildFile; fileRef = 0E9A740B28FC3003002D0CEF /* RoomUpdateSheetView.swift */; };
		0EA5E2E628C71F7B002E45CF /* SDWebImageSwiftUI in Frameworks */ = {isa = PBXBuildFile; productRef = 0EA5E2E528C71F7B002E45CF /* SDWebImageSwiftUI */; };
		0EAE4B8C28BDDF4F001E8C0E /* HomeView.swift in Sources */ = {isa = PBXBuildFile; fileRef = 0EAE4B8B28BDDF4F001E8C0E /* HomeView.swift */; };
		0EBD055328C47D5E008B2D31 /* ErrorHandler.swift in Sources */ = {isa = PBXBuildFile; fileRef = 0EBD055228C47D5E008B2D31 /* ErrorHandler.swift */; };
		0EBD055528C48AC1008B2D31 /* UserDM.swift in Sources */ = {isa = PBXBuildFile; fileRef = 0EBD055428C48AC1008B2D31 /* UserDM.swift */; };
		0EDA99EC28C2E95600B6B8A7 /* PostCollectionView.swift in Sources */ = {isa = PBXBuildFile; fileRef = 0EDA99EB28C2E95600B6B8A7 /* PostCollectionView.swift */; };
		0EDA99EF28C323CC00B6B8A7 /* PostAndCollectionVM.swift in Sources */ = {isa = PBXBuildFile; fileRef = 0EDA99EE28C323CC00B6B8A7 /* PostAndCollectionVM.swift */; };
		0EDA99F228C325CA00B6B8A7 /* FirebaseAuth.swift in Sources */ = {isa = PBXBuildFile; fileRef = 0EDA99F128C325CA00B6B8A7 /* FirebaseAuth.swift */; };
		0EDA99F428C3261E00B6B8A7 /* Firestore.swift in Sources */ = {isa = PBXBuildFile; fileRef = 0EDA99F328C3261E00B6B8A7 /* Firestore.swift */; };
		0EDA99F628C3262C00B6B8A7 /* FirebaseStorage.swift in Sources */ = {isa = PBXBuildFile; fileRef = 0EDA99F528C3262C00B6B8A7 /* FirebaseStorage.swift */; };
		0EDA99F928C3299700B6B8A7 /* FirebaseAuth in Frameworks */ = {isa = PBXBuildFile; productRef = 0EDA99F828C3299700B6B8A7 /* FirebaseAuth */; };
		0EDA99FF28C3299700B6B8A7 /* FirebaseStorage in Frameworks */ = {isa = PBXBuildFile; productRef = 0EDA99FE28C3299700B6B8A7 /* FirebaseStorage */; };
		0EDA9A0128C32B1C00B6B8A7 /* GoogleService-Info.plist in Resources */ = {isa = PBXBuildFile; fileRef = 0EDA9A0028C32B1C00B6B8A7 /* GoogleService-Info.plist */; };
/* End PBXBuildFile section */

/* Begin PBXFileReference section */
		0E0971F328CA0C5A007870EF /* PhotoPickerRepresentable.swift */ = {isa = PBXFileReference; lastKnownFileType = sourcecode.swift; path = PhotoPickerRepresentable.swift; sourceTree = "<group>"; };
		0E27A8CF28B9C6C6007F91D8 /* RentalHouse-Project.app */ = {isa = PBXFileReference; explicitFileType = wrapper.application; includeInIndex = 0; path = "RentalHouse-Project.app"; sourceTree = BUILT_PRODUCTS_DIR; };
		0E27A8D228B9C6C6007F91D8 /* RentalHouse_ProjectApp.swift */ = {isa = PBXFileReference; lastKnownFileType = sourcecode.swift; path = RentalHouse_ProjectApp.swift; sourceTree = "<group>"; };
		0E27A8D428B9C6C6007F91D8 /* ContentView.swift */ = {isa = PBXFileReference; lastKnownFileType = sourcecode.swift; path = ContentView.swift; sourceTree = "<group>"; };
		0E27A8D628B9C6C7007F91D8 /* Assets.xcassets */ = {isa = PBXFileReference; lastKnownFileType = folder.assetcatalog; path = Assets.xcassets; sourceTree = "<group>"; };
		0E27A8D928B9C6C7007F91D8 /* Preview Assets.xcassets */ = {isa = PBXFileReference; lastKnownFileType = folder.assetcatalog; path = "Preview Assets.xcassets"; sourceTree = "<group>"; };
		0E27A8E028B9C71F007F91D8 /* LoginView.swift */ = {isa = PBXFileReference; lastKnownFileType = sourcecode.swift; path = LoginView.swift; sourceTree = "<group>"; };
		0E27A8EA28B9E043007F91D8 /* UserAuthenticationVM.swift */ = {isa = PBXFileReference; lastKnownFileType = sourcecode.swift; path = UserAuthenticationVM.swift; sourceTree = "<group>"; };
		0E337CBA28FB020F00F4697E /* CustomMenuView.swift */ = {isa = PBXFileReference; lastKnownFileType = sourcecode.swift; path = CustomMenuView.swift; sourceTree = "<group>"; };
		0E4AEE5628BB3452000EAD84 /* ViewModifier.swift */ = {isa = PBXFileReference; lastKnownFileType = sourcecode.swift; path = ViewModifier.swift; sourceTree = "<group>"; };
		0E4AEE5828BB364E000EAD84 /* SignUpView.swift */ = {isa = PBXFileReference; lastKnownFileType = sourcecode.swift; path = SignUpView.swift; sourceTree = "<group>"; };
		0E51B78D28BDE89B003AB3ED /* CustomComponent.swift */ = {isa = PBXFileReference; fileEncoding = 4; lastKnownFileType = sourcecode.swift; path = CustomComponent.swift; sourceTree = "<group>"; };
		0E51B79328BDF74A003AB3ED /* UserDashboard.swift */ = {isa = PBXFileReference; lastKnownFileType = sourcecode.swift; path = UserDashboard.swift; sourceTree = "<group>"; };
		0E51B79628BE0898003AB3ED /* MenuView.swift */ = {isa = PBXFileReference; lastKnownFileType = sourcecode.swift; path = MenuView.swift; sourceTree = "<group>"; };
		0E56122328BE16B700745AFA /* HousePostView.swift */ = {isa = PBXFileReference; lastKnownFileType = sourcecode.swift; path = HousePostView.swift; sourceTree = "<group>"; };
		0E56122528BE201F00745AFA /* RoomPostDM.swift */ = {isa = PBXFileReference; lastKnownFileType = sourcecode.swift; path = RoomPostDM.swift; sourceTree = "<group>"; };
		0E56BD4128E9C4FB00CB4463 /* CoverView.swift */ = {isa = PBXFileReference; lastKnownFileType = sourcecode.swift; path = CoverView.swift; sourceTree = "<group>"; };
		0E5E24D028B9FAA600629B1D /* AppViewModel.swift */ = {isa = PBXFileReference; lastKnownFileType = sourcecode.swift; path = AppViewModel.swift; sourceTree = "<group>"; };
		0E5E24D328BA01E000629B1D /* Extensions.swift */ = {isa = PBXFileReference; lastKnownFileType = sourcecode.swift; path = Extensions.swift; sourceTree = "<group>"; };
		0E7D37C528D6F3E300E702EC /* RoomDetailView.swift */ = {isa = PBXFileReference; lastKnownFileType = sourcecode.swift; path = RoomDetailView.swift; sourceTree = "<group>"; };
		0E9A740B28FC3003002D0CEF /* RoomUpdateSheetView.swift */ = {isa = PBXFileReference; lastKnownFileType = sourcecode.swift; path = RoomUpdateSheetView.swift; sourceTree = "<group>"; };
		0EAE4B8B28BDDF4F001E8C0E /* HomeView.swift */ = {isa = PBXFileReference; lastKnownFileType = sourcecode.swift; path = HomeView.swift; sourceTree = "<group>"; };
		0EBD055228C47D5E008B2D31 /* ErrorHandler.swift */ = {isa = PBXFileReference; lastKnownFileType = sourcecode.swift; path = ErrorHandler.swift; sourceTree = "<group>"; };
		0EBD055428C48AC1008B2D31 /* UserDM.swift */ = {isa = PBXFileReference; lastKnownFileType = sourcecode.swift; path = UserDM.swift; sourceTree = "<group>"; };
		0EDA99EB28C2E95600B6B8A7 /* PostCollectionView.swift */ = {isa = PBXFileReference; lastKnownFileType = sourcecode.swift; path = PostCollectionView.swift; sourceTree = "<group>"; };
		0EDA99EE28C323CC00B6B8A7 /* PostAndCollectionVM.swift */ = {isa = PBXFileReference; lastKnownFileType = sourcecode.swift; path = PostAndCollectionVM.swift; sourceTree = "<group>"; };
		0EDA99F128C325CA00B6B8A7 /* FirebaseAuth.swift */ = {isa = PBXFileReference; lastKnownFileType = sourcecode.swift; path = FirebaseAuth.swift; sourceTree = "<group>"; };
		0EDA99F328C3261E00B6B8A7 /* Firestore.swift */ = {isa = PBXFileReference; lastKnownFileType = sourcecode.swift; path = Firestore.swift; sourceTree = "<group>"; };
		0EDA99F528C3262C00B6B8A7 /* FirebaseStorage.swift */ = {isa = PBXFileReference; lastKnownFileType = sourcecode.swift; path = FirebaseStorage.swift; sourceTree = "<group>"; };
		0EDA9A0028C32B1C00B6B8A7 /* GoogleService-Info.plist */ = {isa = PBXFileReference; fileEncoding = 4; lastKnownFileType = text.plist.xml; path = "GoogleService-Info.plist"; sourceTree = "<group>"; };
/* End PBXFileReference section */

/* Begin PBXFrameworksBuildPhase section */
		0E27A8CC28B9C6C6007F91D8 /* Frameworks */ = {
			isa = PBXFrameworksBuildPhase;
			buildActionMask = 2147483647;
			files = (
				0EA5E2E628C71F7B002E45CF /* SDWebImageSwiftUI in Frameworks */,
				0EDA99F928C3299700B6B8A7 /* FirebaseAuth in Frameworks */,
				0EDA99FF28C3299700B6B8A7 /* FirebaseStorage in Frameworks */,
				0E6C54E628C3363D00385B1F /* FirebaseFirestore in Frameworks */,
				0E6C54E828C3367D00385B1F /* FirebaseFirestoreSwift in Frameworks */,
			);
			runOnlyForDeploymentPostprocessing = 0;
		};
/* End PBXFrameworksBuildPhase section */

/* Begin PBXGroup section */
		0E0971F228CA0C3B007870EF /* PhotoPickerRepresentable */ = {
			isa = PBXGroup;
			children = (
				0E0971F328CA0C5A007870EF /* PhotoPickerRepresentable.swift */,
			);
			path = PhotoPickerRepresentable;
			sourceTree = "<group>";
		};
		0E27A8C628B9C6C6007F91D8 = {
			isa = PBXGroup;
			children = (
				0E27A8D128B9C6C6007F91D8 /* RentalHouse-Project */,
				0E27A8D028B9C6C6007F91D8 /* Products */,
				0E6C54E428C3363D00385B1F /* Frameworks */,
			);
			sourceTree = "<group>";
		};
		0E27A8D028B9C6C6007F91D8 /* Products */ = {
			isa = PBXGroup;
			children = (
				0E27A8CF28B9C6C6007F91D8 /* RentalHouse-Project.app */,
			);
			name = Products;
			sourceTree = "<group>";
		};
		0E27A8D128B9C6C6007F91D8 /* RentalHouse-Project */ = {
			isa = PBXGroup;
			children = (
				0EAE4B8D28BDDF78001E8C0E /* CustomComponent */,
				0E4AEE5528BB3436000EAD84 /* ViewModifiers */,
				0E5E24D228BA01CD00629B1D /* Extensions */,
				0E27A8E528B9C753007F91D8 /* Models */,
				0E27A8E428B9C74C007F91D8 /* ViewModels */,
				0E27A8E228B9C72B007F91D8 /* Views */,
				0E27A8D228B9C6C6007F91D8 /* RentalHouse_ProjectApp.swift */,
				0E27A8D428B9C6C6007F91D8 /* ContentView.swift */,
				0EDA9A0028C32B1C00B6B8A7 /* GoogleService-Info.plist */,
				0E27A8D628B9C6C7007F91D8 /* Assets.xcassets */,
				0E27A8D828B9C6C7007F91D8 /* Preview Content */,
			);
			path = "RentalHouse-Project";
			sourceTree = "<group>";
		};
		0E27A8D828B9C6C7007F91D8 /* Preview Content */ = {
			isa = PBXGroup;
			children = (
				0E27A8D928B9C6C7007F91D8 /* Preview Assets.xcassets */,
			);
			path = "Preview Content";
			sourceTree = "<group>";
		};
		0E27A8E228B9C72B007F91D8 /* Views */ = {
			isa = PBXGroup;
			children = (
				0E56BD4028E9C4EA00CB4463 /* CoverView */,
				0E7D37C428D6F3BD00E702EC /* RoomDetailView */,
				0EDA99EA28C2E94100B6B8A7 /* PostCollection */,
				0E56122228BE169A00745AFA /* ProviderPostingView */,
				0E51B79528BE0886003AB3ED /* MenuView */,
				0E51B79228BDF715003AB3ED /* UserDashboard */,
				0EAE4B8A28BDDF2D001E8C0E /* HomeView */,
				0E27A8E328B9C731007F91D8 /* SignInAndSignUp */,
			);
			path = Views;
			sourceTree = "<group>";
		};
		0E27A8E328B9C731007F91D8 /* SignInAndSignUp */ = {
			isa = PBXGroup;
			children = (
				0E27A8E028B9C71F007F91D8 /* LoginView.swift */,
				0E4AEE5828BB364E000EAD84 /* SignUpView.swift */,
			);
			path = SignInAndSignUp;
			sourceTree = "<group>";
		};
		0E27A8E428B9C74C007F91D8 /* ViewModels */ = {
			isa = PBXGroup;
			children = (
				0E0971F228CA0C3B007870EF /* PhotoPickerRepresentable */,
				0EBD055128C47D48008B2D31 /* ErrorHandler */,
				0EDA99ED28C323AB00B6B8A7 /* PostAndCollection */,
				0E27A8E928B9E030007F91D8 /* SignInAndSignUpVM */,
				0E5E24D028B9FAA600629B1D /* AppViewModel.swift */,
			);
			path = ViewModels;
			sourceTree = "<group>";
		};
		0E27A8E528B9C753007F91D8 /* Models */ = {
			isa = PBXGroup;
			children = (
				0EDA99F028C3252800B6B8A7 /* FirebaseManager */,
				0E27A8E628B9DFFC007F91D8 /* DataModel */,
			);
			path = Models;
			sourceTree = "<group>";
		};
		0E27A8E628B9DFFC007F91D8 /* DataModel */ = {
			isa = PBXGroup;
			children = (
				0E56122528BE201F00745AFA /* RoomPostDM.swift */,
				0EBD055428C48AC1008B2D31 /* UserDM.swift */,
			);
			path = DataModel;
			sourceTree = "<group>";
		};
		0E27A8E928B9E030007F91D8 /* SignInAndSignUpVM */ = {
			isa = PBXGroup;
			children = (
				0E27A8EA28B9E043007F91D8 /* UserAuthenticationVM.swift */,
			);
			path = SignInAndSignUpVM;
			sourceTree = "<group>";
		};
		0E4AEE5528BB3436000EAD84 /* ViewModifiers */ = {
			isa = PBXGroup;
			children = (
				0E4AEE5628BB3452000EAD84 /* ViewModifier.swift */,
			);
			path = ViewModifiers;
			sourceTree = "<group>";
		};
		0E51B79228BDF715003AB3ED /* UserDashboard */ = {
			isa = PBXGroup;
			children = (
				0E51B79328BDF74A003AB3ED /* UserDashboard.swift */,
			);
			path = UserDashboard;
			sourceTree = "<group>";
		};
		0E51B79528BE0886003AB3ED /* MenuView */ = {
			isa = PBXGroup;
			children = (
				0E51B79628BE0898003AB3ED /* MenuView.swift */,
				0E337CBA28FB020F00F4697E /* CustomMenuView.swift */,
			);
			path = MenuView;
			sourceTree = "<group>";
		};
		0E56122228BE169A00745AFA /* ProviderPostingView */ = {
			isa = PBXGroup;
			children = (
				0E56122328BE16B700745AFA /* HousePostView.swift */,
			);
			path = ProviderPostingView;
			sourceTree = "<group>";
		};
		0E56BD4028E9C4EA00CB4463 /* CoverView */ = {
			isa = PBXGroup;
			children = (
				0E56BD4128E9C4FB00CB4463 /* CoverView.swift */,
			);
			path = CoverView;
			sourceTree = "<group>";
		};
		0E5E24D228BA01CD00629B1D /* Extensions */ = {
			isa = PBXGroup;
			children = (
				0E5E24D328BA01E000629B1D /* Extensions.swift */,
			);
			path = Extensions;
			sourceTree = "<group>";
		};
		0E6C54E428C3363D00385B1F /* Frameworks */ = {
			isa = PBXGroup;
			children = (
			);
			name = Frameworks;
			sourceTree = "<group>";
		};
		0E7D37C428D6F3BD00E702EC /* RoomDetailView */ = {
			isa = PBXGroup;
			children = (
				0E7D37C528D6F3E300E702EC /* RoomDetailView.swift */,
				0E9A740B28FC3003002D0CEF /* RoomUpdateSheetView.swift */,
			);
			path = RoomDetailView;
			sourceTree = "<group>";
		};
		0EAE4B8A28BDDF2D001E8C0E /* HomeView */ = {
			isa = PBXGroup;
			children = (
				0EAE4B8B28BDDF4F001E8C0E /* HomeView.swift */,
			);
			path = HomeView;
			sourceTree = "<group>";
		};
		0EAE4B8D28BDDF78001E8C0E /* CustomComponent */ = {
			isa = PBXGroup;
			children = (
				0E51B78D28BDE89B003AB3ED /* CustomComponent.swift */,
			);
			path = CustomComponent;
			sourceTree = "<group>";
		};
		0EBD055128C47D48008B2D31 /* ErrorHandler */ = {
			isa = PBXGroup;
			children = (
				0EBD055228C47D5E008B2D31 /* ErrorHandler.swift */,
			);
			path = ErrorHandler;
			sourceTree = "<group>";
		};
		0EDA99EA28C2E94100B6B8A7 /* PostCollection */ = {
			isa = PBXGroup;
			children = (
				0EDA99EB28C2E95600B6B8A7 /* PostCollectionView.swift */,
			);
			path = PostCollection;
			sourceTree = "<group>";
		};
		0EDA99ED28C323AB00B6B8A7 /* PostAndCollection */ = {
			isa = PBXGroup;
			children = (
				0EDA99EE28C323CC00B6B8A7 /* PostAndCollectionVM.swift */,
			);
			path = PostAndCollection;
			sourceTree = "<group>";
		};
		0EDA99F028C3252800B6B8A7 /* FirebaseManager */ = {
			isa = PBXGroup;
			children = (
				0EDA99F128C325CA00B6B8A7 /* FirebaseAuth.swift */,
				0EDA99F328C3261E00B6B8A7 /* Firestore.swift */,
				0EDA99F528C3262C00B6B8A7 /* FirebaseStorage.swift */,
			);
			path = FirebaseManager;
			sourceTree = "<group>";
		};
/* End PBXGroup section */

/* Begin PBXNativeTarget section */
		0E27A8CE28B9C6C6007F91D8 /* RentalHouse-Project */ = {
			isa = PBXNativeTarget;
			buildConfigurationList = 0E27A8DD28B9C6C7007F91D8 /* Build configuration list for PBXNativeTarget "RentalHouse-Project" */;
			buildPhases = (
				0E27A8CB28B9C6C6007F91D8 /* Sources */,
				0E27A8CC28B9C6C6007F91D8 /* Frameworks */,
				0E27A8CD28B9C6C6007F91D8 /* Resources */,
			);
			buildRules = (
			);
			dependencies = (
			);
			name = "RentalHouse-Project";
			packageProductDependencies = (
				0EDA99F828C3299700B6B8A7 /* FirebaseAuth */,
				0EDA99FE28C3299700B6B8A7 /* FirebaseStorage */,
				0E6C54E528C3363D00385B1F /* FirebaseFirestore */,
				0E6C54E728C3367D00385B1F /* FirebaseFirestoreSwift */,
				0EA5E2E528C71F7B002E45CF /* SDWebImageSwiftUI */,
			);
			productName = "RentalHouse-Project";
			productReference = 0E27A8CF28B9C6C6007F91D8 /* RentalHouse-Project.app */;
			productType = "com.apple.product-type.application";
		};
/* End PBXNativeTarget section */

/* Begin PBXProject section */
		0E27A8C728B9C6C6007F91D8 /* Project object */ = {
			isa = PBXProject;
			attributes = {
				BuildIndependentTargetsInParallel = 1;
				LastSwiftUpdateCheck = 1340;
				LastUpgradeCheck = 1340;
				TargetAttributes = {
					0E27A8CE28B9C6C6007F91D8 = {
						CreatedOnToolsVersion = 13.4.1;
					};
				};
			};
			buildConfigurationList = 0E27A8CA28B9C6C6007F91D8 /* Build configuration list for PBXProject "RentalHouse-Project" */;
			compatibilityVersion = "Xcode 13.0";
			developmentRegion = en;
			hasScannedForEncodings = 0;
			knownRegions = (
				en,
				Base,
			);
			mainGroup = 0E27A8C628B9C6C6007F91D8;
			packageReferences = (
				0EDA99F728C3299700B6B8A7 /* XCRemoteSwiftPackageReference "firebase-ios-sdk" */,
				0EA5E2E428C71F7B002E45CF /* XCRemoteSwiftPackageReference "SDWebImageSwiftUI" */,
			);
			productRefGroup = 0E27A8D028B9C6C6007F91D8 /* Products */;
			projectDirPath = "";
			projectRoot = "";
			targets = (
				0E27A8CE28B9C6C6007F91D8 /* RentalHouse-Project */,
			);
		};
/* End PBXProject section */

/* Begin PBXResourcesBuildPhase section */
		0E27A8CD28B9C6C6007F91D8 /* Resources */ = {
			isa = PBXResourcesBuildPhase;
			buildActionMask = 2147483647;
			files = (
				0E27A8DA28B9C6C7007F91D8 /* Preview Assets.xcassets in Resources */,
				0E27A8D728B9C6C7007F91D8 /* Assets.xcassets in Resources */,
				0EDA9A0128C32B1C00B6B8A7 /* GoogleService-Info.plist in Resources */,
			);
			runOnlyForDeploymentPostprocessing = 0;
		};
/* End PBXResourcesBuildPhase section */

/* Begin PBXSourcesBuildPhase section */
		0E27A8CB28B9C6C6007F91D8 /* Sources */ = {
			isa = PBXSourcesBuildPhase;
			buildActionMask = 2147483647;
			files = (
				0EAE4B8C28BDDF4F001E8C0E /* HomeView.swift in Sources */,
				0E56BD4228E9C4FB00CB4463 /* CoverView.swift in Sources */,
				0E5E24D128B9FAA600629B1D /* AppViewModel.swift in Sources */,
				0E5E24D428BA01E000629B1D /* Extensions.swift in Sources */,
				0E9A740C28FC3003002D0CEF /* RoomUpdateSheetView.swift in Sources */,
				0EDA99EC28C2E95600B6B8A7 /* PostCollectionView.swift in Sources */,
				0E27A8E128B9C71F007F91D8 /* LoginView.swift in Sources */,
				0EDA99F628C3262C00B6B8A7 /* FirebaseStorage.swift in Sources */,
				0EDA99F428C3261E00B6B8A7 /* Firestore.swift in Sources */,
				0E56122428BE16B700745AFA /* HousePostView.swift in Sources */,
				0E51B78E28BDE89B003AB3ED /* CustomComponent.swift in Sources */,
				0EBD055528C48AC1008B2D31 /* UserDM.swift in Sources */,
				0E27A8D528B9C6C6007F91D8 /* ContentView.swift in Sources */,
				0EDA99F228C325CA00B6B8A7 /* FirebaseAuth.swift in Sources */,
				0E4AEE5928BB364E000EAD84 /* SignUpView.swift in Sources */,
				0E51B79728BE0898003AB3ED /* MenuView.swift in Sources */,
				0E27A8EB28B9E043007F91D8 /* UserAuthenticationVM.swift in Sources */,
				0E4AEE5728BB3452000EAD84 /* ViewModifier.swift in Sources */,
				0E337CBB28FB020F00F4697E /* CustomMenuView.swift in Sources */,
				0EDA99EF28C323CC00B6B8A7 /* PostAndCollectionVM.swift in Sources */,
				0E7D37C628D6F3E300E702EC /* RoomDetailView.swift in Sources */,
				0E56122628BE201F00745AFA /* RoomPostDM.swift in Sources */,
				0E0971F428CA0C5A007870EF /* PhotoPickerRepresentable.swift in Sources */,
				0EBD055328C47D5E008B2D31 /* ErrorHandler.swift in Sources */,
				0E51B79428BDF74A003AB3ED /* UserDashboard.swift in Sources */,
				0E27A8D328B9C6C6007F91D8 /* RentalHouse_ProjectApp.swift in Sources */,
			);
			runOnlyForDeploymentPostprocessing = 0;
		};
/* End PBXSourcesBuildPhase section */

/* Begin XCBuildConfiguration section */
		0E27A8DB28B9C6C7007F91D8 /* Debug */ = {
			isa = XCBuildConfiguration;
			buildSettings = {
				ALWAYS_SEARCH_USER_PATHS = NO;
				CLANG_ANALYZER_NONNULL = YES;
				CLANG_ANALYZER_NUMBER_OBJECT_CONVERSION = YES_AGGRESSIVE;
				CLANG_CXX_LANGUAGE_STANDARD = "gnu++17";
				CLANG_ENABLE_MODULES = YES;
				CLANG_ENABLE_OBJC_ARC = YES;
				CLANG_ENABLE_OBJC_WEAK = YES;
				CLANG_WARN_BLOCK_CAPTURE_AUTORELEASING = YES;
				CLANG_WARN_BOOL_CONVERSION = YES;
				CLANG_WARN_COMMA = YES;
				CLANG_WARN_CONSTANT_CONVERSION = YES;
				CLANG_WARN_DEPRECATED_OBJC_IMPLEMENTATIONS = YES;
				CLANG_WARN_DIRECT_OBJC_ISA_USAGE = YES_ERROR;
				CLANG_WARN_DOCUMENTATION_COMMENTS = YES;
				CLANG_WARN_EMPTY_BODY = YES;
				CLANG_WARN_ENUM_CONVERSION = YES;
				CLANG_WARN_INFINITE_RECURSION = YES;
				CLANG_WARN_INT_CONVERSION = YES;
				CLANG_WARN_NON_LITERAL_NULL_CONVERSION = YES;
				CLANG_WARN_OBJC_IMPLICIT_RETAIN_SELF = YES;
				CLANG_WARN_OBJC_LITERAL_CONVERSION = YES;
				CLANG_WARN_OBJC_ROOT_CLASS = YES_ERROR;
				CLANG_WARN_QUOTED_INCLUDE_IN_FRAMEWORK_HEADER = YES;
				CLANG_WARN_RANGE_LOOP_ANALYSIS = YES;
				CLANG_WARN_STRICT_PROTOTYPES = YES;
				CLANG_WARN_SUSPICIOUS_MOVE = YES;
				CLANG_WARN_UNGUARDED_AVAILABILITY = YES_AGGRESSIVE;
				CLANG_WARN_UNREACHABLE_CODE = YES;
				CLANG_WARN__DUPLICATE_METHOD_MATCH = YES;
				COPY_PHASE_STRIP = NO;
				DEBUG_INFORMATION_FORMAT = dwarf;
				ENABLE_STRICT_OBJC_MSGSEND = YES;
				ENABLE_TESTABILITY = YES;
				GCC_C_LANGUAGE_STANDARD = gnu11;
				GCC_DYNAMIC_NO_PIC = NO;
				GCC_NO_COMMON_BLOCKS = YES;
				GCC_OPTIMIZATION_LEVEL = 0;
				GCC_PREPROCESSOR_DEFINITIONS = (
					"DEBUG=1",
					"$(inherited)",
				);
				GCC_WARN_64_TO_32_BIT_CONVERSION = YES;
				GCC_WARN_ABOUT_RETURN_TYPE = YES_ERROR;
				GCC_WARN_UNDECLARED_SELECTOR = YES;
				GCC_WARN_UNINITIALIZED_AUTOS = YES_AGGRESSIVE;
				GCC_WARN_UNUSED_FUNCTION = YES;
				GCC_WARN_UNUSED_VARIABLE = YES;
				IPHONEOS_DEPLOYMENT_TARGET = 16.0;
				MTL_ENABLE_DEBUG_INFO = INCLUDE_SOURCE;
				MTL_FAST_MATH = YES;
				ONLY_ACTIVE_ARCH = YES;
				SDKROOT = iphoneos;
				SWIFT_ACTIVE_COMPILATION_CONDITIONS = DEBUG;
				SWIFT_OPTIMIZATION_LEVEL = "-Onone";
			};
			name = Debug;
		};
		0E27A8DC28B9C6C7007F91D8 /* Release */ = {
			isa = XCBuildConfiguration;
			buildSettings = {
				ALWAYS_SEARCH_USER_PATHS = NO;
				CLANG_ANALYZER_NONNULL = YES;
				CLANG_ANALYZER_NUMBER_OBJECT_CONVERSION = YES_AGGRESSIVE;
				CLANG_CXX_LANGUAGE_STANDARD = "gnu++17";
				CLANG_ENABLE_MODULES = YES;
				CLANG_ENABLE_OBJC_ARC = YES;
				CLANG_ENABLE_OBJC_WEAK = YES;
				CLANG_WARN_BLOCK_CAPTURE_AUTORELEASING = YES;
				CLANG_WARN_BOOL_CONVERSION = YES;
				CLANG_WARN_COMMA = YES;
				CLANG_WARN_CONSTANT_CONVERSION = YES;
				CLANG_WARN_DEPRECATED_OBJC_IMPLEMENTATIONS = YES;
				CLANG_WARN_DIRECT_OBJC_ISA_USAGE = YES_ERROR;
				CLANG_WARN_DOCUMENTATION_COMMENTS = YES;
				CLANG_WARN_EMPTY_BODY = YES;
				CLANG_WARN_ENUM_CONVERSION = YES;
				CLANG_WARN_INFINITE_RECURSION = YES;
				CLANG_WARN_INT_CONVERSION = YES;
				CLANG_WARN_NON_LITERAL_NULL_CONVERSION = YES;
				CLANG_WARN_OBJC_IMPLICIT_RETAIN_SELF = YES;
				CLANG_WARN_OBJC_LITERAL_CONVERSION = YES;
				CLANG_WARN_OBJC_ROOT_CLASS = YES_ERROR;
				CLANG_WARN_QUOTED_INCLUDE_IN_FRAMEWORK_HEADER = YES;
				CLANG_WARN_RANGE_LOOP_ANALYSIS = YES;
				CLANG_WARN_STRICT_PROTOTYPES = YES;
				CLANG_WARN_SUSPICIOUS_MOVE = YES;
				CLANG_WARN_UNGUARDED_AVAILABILITY = YES_AGGRESSIVE;
				CLANG_WARN_UNREACHABLE_CODE = YES;
				CLANG_WARN__DUPLICATE_METHOD_MATCH = YES;
				COPY_PHASE_STRIP = NO;
				DEBUG_INFORMATION_FORMAT = "dwarf-with-dsym";
				ENABLE_NS_ASSERTIONS = NO;
				ENABLE_STRICT_OBJC_MSGSEND = YES;
				GCC_C_LANGUAGE_STANDARD = gnu11;
				GCC_NO_COMMON_BLOCKS = YES;
				GCC_WARN_64_TO_32_BIT_CONVERSION = YES;
				GCC_WARN_ABOUT_RETURN_TYPE = YES_ERROR;
				GCC_WARN_UNDECLARED_SELECTOR = YES;
				GCC_WARN_UNINITIALIZED_AUTOS = YES_AGGRESSIVE;
				GCC_WARN_UNUSED_FUNCTION = YES;
				GCC_WARN_UNUSED_VARIABLE = YES;
				IPHONEOS_DEPLOYMENT_TARGET = 16.0;
				MTL_ENABLE_DEBUG_INFO = NO;
				MTL_FAST_MATH = YES;
				SDKROOT = iphoneos;
				SWIFT_COMPILATION_MODE = wholemodule;
				SWIFT_OPTIMIZATION_LEVEL = "-O";
				VALIDATE_PRODUCT = YES;
			};
			name = Release;
		};
		0E27A8DE28B9C6C7007F91D8 /* Debug */ = {
			isa = XCBuildConfiguration;
			buildSettings = {
				ASSETCATALOG_COMPILER_APPICON_NAME = AppIcon;
				ASSETCATALOG_COMPILER_GLOBAL_ACCENT_COLOR_NAME = AccentColor;
				CODE_SIGN_STYLE = Automatic;
				CURRENT_PROJECT_VERSION = 1;
				DEVELOPMENT_ASSET_PATHS = "\"RentalHouse-Project/Preview Content\"";
				DEVELOPMENT_TEAM = A8P5BTRKQB;
				ENABLE_PREVIEWS = YES;
				GENERATE_INFOPLIST_FILE = YES;
				INFOPLIST_KEY_UIApplicationSceneManifest_Generation = YES;
				INFOPLIST_KEY_UIApplicationSupportsIndirectInputEvents = YES;
				INFOPLIST_KEY_UILaunchScreen_Generation = YES;
				INFOPLIST_KEY_UISupportedInterfaceOrientations_iPad = "UIInterfaceOrientationPortrait UIInterfaceOrientationPortraitUpsideDown UIInterfaceOrientationLandscapeLeft UIInterfaceOrientationLandscapeRight";
				INFOPLIST_KEY_UISupportedInterfaceOrientations_iPhone = "UIInterfaceOrientationPortrait UIInterfaceOrientationLandscapeLeft UIInterfaceOrientationLandscapeRight";
				LD_RUNPATH_SEARCH_PATHS = (
					"$(inherited)",
					"@executable_path/Frameworks",
				);
				MARKETING_VERSION = 1.0;
				PRODUCT_BUNDLE_IDENTIFIER = "SweetHome-RentalHouse-Project";
				PRODUCT_NAME = "$(TARGET_NAME)";
				SWIFT_EMIT_LOC_STRINGS = YES;
				SWIFT_VERSION = 5.0;
				TARGETED_DEVICE_FAMILY = "1,2";
			};
			name = Debug;
		};
		0E27A8DF28B9C6C7007F91D8 /* Release */ = {
			isa = XCBuildConfiguration;
			buildSettings = {
				ASSETCATALOG_COMPILER_APPICON_NAME = AppIcon;
				ASSETCATALOG_COMPILER_GLOBAL_ACCENT_COLOR_NAME = AccentColor;
				CODE_SIGN_STYLE = Automatic;
				CURRENT_PROJECT_VERSION = 1;
				DEVELOPMENT_ASSET_PATHS = "\"RentalHouse-Project/Preview Content\"";
				DEVELOPMENT_TEAM = A8P5BTRKQB;
				ENABLE_PREVIEWS = YES;
				GENERATE_INFOPLIST_FILE = YES;
				INFOPLIST_KEY_UIApplicationSceneManifest_Generation = YES;
				INFOPLIST_KEY_UIApplicationSupportsIndirectInputEvents = YES;
				INFOPLIST_KEY_UILaunchScreen_Generation = YES;
				INFOPLIST_KEY_UISupportedInterfaceOrientations_iPad = "UIInterfaceOrientationPortrait UIInterfaceOrientationPortraitUpsideDown UIInterfaceOrientationLandscapeLeft UIInterfaceOrientationLandscapeRight";
				INFOPLIST_KEY_UISupportedInterfaceOrientations_iPhone = "UIInterfaceOrientationPortrait UIInterfaceOrientationLandscapeLeft UIInterfaceOrientationLandscapeRight";
				LD_RUNPATH_SEARCH_PATHS = (
					"$(inherited)",
					"@executable_path/Frameworks",
				);
				MARKETING_VERSION = 1.0;
				PRODUCT_BUNDLE_IDENTIFIER = "SweetHome-RentalHouse-Project";
				PRODUCT_NAME = "$(TARGET_NAME)";
				SWIFT_EMIT_LOC_STRINGS = YES;
				SWIFT_VERSION = 5.0;
				TARGETED_DEVICE_FAMILY = "1,2";
			};
			name = Release;
		};
/* End XCBuildConfiguration section */

/* Begin XCConfigurationList section */
		0E27A8CA28B9C6C6007F91D8 /* Build configuration list for PBXProject "RentalHouse-Project" */ = {
			isa = XCConfigurationList;
			buildConfigurations = (
				0E27A8DB28B9C6C7007F91D8 /* Debug */,
				0E27A8DC28B9C6C7007F91D8 /* Release */,
			);
			defaultConfigurationIsVisible = 0;
			defaultConfigurationName = Release;
		};
		0E27A8DD28B9C6C7007F91D8 /* Build configuration list for PBXNativeTarget "RentalHouse-Project" */ = {
			isa = XCConfigurationList;
			buildConfigurations = (
				0E27A8DE28B9C6C7007F91D8 /* Debug */,
				0E27A8DF28B9C6C7007F91D8 /* Release */,
			);
			defaultConfigurationIsVisible = 0;
			defaultConfigurationName = Release;
		};
/* End XCConfigurationList section */

/* Begin XCRemoteSwiftPackageReference section */
		0EA5E2E428C71F7B002E45CF /* XCRemoteSwiftPackageReference "SDWebImageSwiftUI" */ = {
			isa = XCRemoteSwiftPackageReference;
			repositoryURL = "https://github.com/SDWebImage/SDWebImageSwiftUI.git";
			requirement = {
				kind = upToNextMajorVersion;
				minimumVersion = 2.0.0;
			};
		};
		0EDA99F728C3299700B6B8A7 /* XCRemoteSwiftPackageReference "firebase-ios-sdk" */ = {
			isa = XCRemoteSwiftPackageReference;
			repositoryURL = "https://github.com/firebase/firebase-ios-sdk.git";
			requirement = {
				kind = upToNextMajorVersion;
				minimumVersion = 9.0.0;
			};
		};
/* End XCRemoteSwiftPackageReference section */

/* Begin XCSwiftPackageProductDependency section */
		0E6C54E528C3363D00385B1F /* FirebaseFirestore */ = {
			isa = XCSwiftPackageProductDependency;
			package = 0EDA99F728C3299700B6B8A7 /* XCRemoteSwiftPackageReference "firebase-ios-sdk" */;
			productName = FirebaseFirestore;
		};
		0E6C54E728C3367D00385B1F /* FirebaseFirestoreSwift */ = {
			isa = XCSwiftPackageProductDependency;
			package = 0EDA99F728C3299700B6B8A7 /* XCRemoteSwiftPackageReference "firebase-ios-sdk" */;
			productName = FirebaseFirestoreSwift;
		};
		0EA5E2E528C71F7B002E45CF /* SDWebImageSwiftUI */ = {
			isa = XCSwiftPackageProductDependency;
			package = 0EA5E2E428C71F7B002E45CF /* XCRemoteSwiftPackageReference "SDWebImageSwiftUI" */;
			productName = SDWebImageSwiftUI;
		};
		0EDA99F828C3299700B6B8A7 /* FirebaseAuth */ = {
			isa = XCSwiftPackageProductDependency;
			package = 0EDA99F728C3299700B6B8A7 /* XCRemoteSwiftPackageReference "firebase-ios-sdk" */;
			productName = FirebaseAuth;
		};
		0EDA99FE28C3299700B6B8A7 /* FirebaseStorage */ = {
			isa = XCSwiftPackageProductDependency;
			package = 0EDA99F728C3299700B6B8A7 /* XCRemoteSwiftPackageReference "firebase-ios-sdk" */;
			productName = FirebaseStorage;
		};
/* End XCSwiftPackageProductDependency section */
	};
	rootObject = 0E27A8C728B9C6C6007F91D8 /* Project object */;
}
